// !$*UTF8*$!
{
	archiveVersion = 1;
	classes = {
	};
	objectVersion = 50;
	objects = {

/* Begin PBXBuildFile section */
		391579C124378A2700D0381A /* AppDelegate.swift in Sources */ = {isa = PBXBuildFile; fileRef = 391579C024378A2700D0381A /* AppDelegate.swift */; };
		391579C324378A2700D0381A /* SceneDelegate.swift in Sources */ = {isa = PBXBuildFile; fileRef = 391579C224378A2700D0381A /* SceneDelegate.swift */; };
		391579C524378A2700D0381A /* ChatViewController.swift in Sources */ = {isa = PBXBuildFile; fileRef = 391579C424378A2700D0381A /* ChatViewController.swift */; };
		391579CA24378A2800D0381A /* Assets.xcassets in Resources */ = {isa = PBXBuildFile; fileRef = 391579C924378A2800D0381A /* Assets.xcassets */; };
		391579CD24378A2800D0381A /* LaunchScreen.storyboard in Resources */ = {isa = PBXBuildFile; fileRef = 391579CB24378A2800D0381A /* LaunchScreen.storyboard */; };
		391579D824378A2900D0381A /* ChatViewModelTests.swift in Sources */ = {isa = PBXBuildFile; fileRef = 391579D724378A2900D0381A /* ChatViewModelTests.swift */; };
		391579E324378A2900D0381A /* ChatRobotUITests.swift in Sources */ = {isa = PBXBuildFile; fileRef = 391579E224378A2900D0381A /* ChatRobotUITests.swift */; };
		391579F1243794EE00D0381A /* DatasourceService.swift in Sources */ = {isa = PBXBuildFile; fileRef = 391579F0243794EE00D0381A /* DatasourceService.swift */; };
		391579F32437950400D0381A /* ChatViewModel.swift in Sources */ = {isa = PBXBuildFile; fileRef = 391579F22437950400D0381A /* ChatViewModel.swift */; };
		391579F52437956500D0381A /* ChatModel.swift in Sources */ = {isa = PBXBuildFile; fileRef = 391579F42437956500D0381A /* ChatModel.swift */; };
		391579F72437959400D0381A /* allornothing.json in Resources */ = {isa = PBXBuildFile; fileRef = 391579F62437959400D0381A /* allornothing.json */; };
		391579F92438AE8500D0381A /* ChatInfoProcessor.swift in Sources */ = {isa = PBXBuildFile; fileRef = 391579F82438AE8400D0381A /* ChatInfoProcessor.swift */; };
		391579FB2438CE4100D0381A /* ChatInfoProcessorTest.swift in Sources */ = {isa = PBXBuildFile; fileRef = 391579FA2438CE4100D0381A /* ChatInfoProcessorTest.swift */; };
		391579FE2438E4DD00D0381A /* MockDataSourceService.swift in Sources */ = {isa = PBXBuildFile; fileRef = 391579FD2438E4DD00D0381A /* MockDataSourceService.swift */; };
		39157A0024392AD700D0381A /* RobotChatCell.swift in Sources */ = {isa = PBXBuildFile; fileRef = 391579FF24392AD700D0381A /* RobotChatCell.swift */; };
		39157A04243A09CB00D0381A /* UserChatCell.swift in Sources */ = {isa = PBXBuildFile; fileRef = 39157A03243A09CB00D0381A /* UserChatCell.swift */; };
		39157A06243A2A9D00D0381A /* ChatButtonCell.swift in Sources */ = {isa = PBXBuildFile; fileRef = 39157A05243A2A9D00D0381A /* ChatButtonCell.swift */; };
/* End PBXBuildFile section */

/* Begin PBXContainerItemProxy section */
		391579D424378A2900D0381A /* PBXContainerItemProxy */ = {
			isa = PBXContainerItemProxy;
			containerPortal = 391579B524378A2700D0381A /* Project object */;
			proxyType = 1;
			remoteGlobalIDString = 391579BC24378A2700D0381A;
			remoteInfo = ChatRobot;
		};
		391579DF24378A2900D0381A /* PBXContainerItemProxy */ = {
			isa = PBXContainerItemProxy;
			containerPortal = 391579B524378A2700D0381A /* Project object */;
			proxyType = 1;
			remoteGlobalIDString = 391579BC24378A2700D0381A;
			remoteInfo = ChatRobot;
		};
/* End PBXContainerItemProxy section */

/* Begin PBXFileReference section */
		391579BD24378A2700D0381A /* ChatRobot.app */ = {isa = PBXFileReference; explicitFileType = wrapper.application; includeInIndex = 0; path = ChatRobot.app; sourceTree = BUILT_PRODUCTS_DIR; };
		391579C024378A2700D0381A /* AppDelegate.swift */ = {isa = PBXFileReference; lastKnownFileType = sourcecode.swift; path = AppDelegate.swift; sourceTree = "<group>"; };
		391579C224378A2700D0381A /* SceneDelegate.swift */ = {isa = PBXFileReference; lastKnownFileType = sourcecode.swift; path = SceneDelegate.swift; sourceTree = "<group>"; };
		391579C424378A2700D0381A /* ChatViewController.swift */ = {isa = PBXFileReference; lastKnownFileType = sourcecode.swift; path = ChatViewController.swift; sourceTree = "<group>"; };
		391579C924378A2800D0381A /* Assets.xcassets */ = {isa = PBXFileReference; lastKnownFileType = folder.assetcatalog; path = Assets.xcassets; sourceTree = "<group>"; };
		391579CC24378A2800D0381A /* Base */ = {isa = PBXFileReference; lastKnownFileType = file.storyboard; name = Base; path = Base.lproj/LaunchScreen.storyboard; sourceTree = "<group>"; };
		391579CE24378A2800D0381A /* Info.plist */ = {isa = PBXFileReference; lastKnownFileType = text.plist.xml; path = Info.plist; sourceTree = "<group>"; };
		391579D324378A2900D0381A /* ChatRobotTests.xctest */ = {isa = PBXFileReference; explicitFileType = wrapper.cfbundle; includeInIndex = 0; path = ChatRobotTests.xctest; sourceTree = BUILT_PRODUCTS_DIR; };
		391579D724378A2900D0381A /* ChatViewModelTests.swift */ = {isa = PBXFileReference; lastKnownFileType = sourcecode.swift; path = ChatViewModelTests.swift; sourceTree = "<group>"; };
		391579D924378A2900D0381A /* Info.plist */ = {isa = PBXFileReference; lastKnownFileType = text.plist.xml; path = Info.plist; sourceTree = "<group>"; };
		391579DE24378A2900D0381A /* ChatRobotUITests.xctest */ = {isa = PBXFileReference; explicitFileType = wrapper.cfbundle; includeInIndex = 0; path = ChatRobotUITests.xctest; sourceTree = BUILT_PRODUCTS_DIR; };
		391579E224378A2900D0381A /* ChatRobotUITests.swift */ = {isa = PBXFileReference; lastKnownFileType = sourcecode.swift; path = ChatRobotUITests.swift; sourceTree = "<group>"; };
		391579E424378A2900D0381A /* Info.plist */ = {isa = PBXFileReference; lastKnownFileType = text.plist.xml; path = Info.plist; sourceTree = "<group>"; };
		391579F0243794EE00D0381A /* DatasourceService.swift */ = {isa = PBXFileReference; lastKnownFileType = sourcecode.swift; path = DatasourceService.swift; sourceTree = "<group>"; };
		391579F22437950400D0381A /* ChatViewModel.swift */ = {isa = PBXFileReference; lastKnownFileType = sourcecode.swift; path = ChatViewModel.swift; sourceTree = "<group>"; };
		391579F42437956500D0381A /* ChatModel.swift */ = {isa = PBXFileReference; lastKnownFileType = sourcecode.swift; path = ChatModel.swift; sourceTree = "<group>"; };
		391579F62437959400D0381A /* allornothing.json */ = {isa = PBXFileReference; fileEncoding = 4; lastKnownFileType = text.json; path = allornothing.json; sourceTree = "<group>"; };
		391579F82438AE8400D0381A /* ChatInfoProcessor.swift */ = {isa = PBXFileReference; lastKnownFileType = sourcecode.swift; path = ChatInfoProcessor.swift; sourceTree = "<group>"; };
		391579FA2438CE4100D0381A /* ChatInfoProcessorTest.swift */ = {isa = PBXFileReference; lastKnownFileType = sourcecode.swift; path = ChatInfoProcessorTest.swift; sourceTree = "<group>"; };
		391579FD2438E4DD00D0381A /* MockDataSourceService.swift */ = {isa = PBXFileReference; lastKnownFileType = sourcecode.swift; path = MockDataSourceService.swift; sourceTree = "<group>"; };
		391579FF24392AD700D0381A /* RobotChatCell.swift */ = {isa = PBXFileReference; lastKnownFileType = sourcecode.swift; path = RobotChatCell.swift; sourceTree = "<group>"; };
		39157A03243A09CB00D0381A /* UserChatCell.swift */ = {isa = PBXFileReference; lastKnownFileType = sourcecode.swift; path = UserChatCell.swift; sourceTree = "<group>"; };
		39157A05243A2A9D00D0381A /* ChatButtonCell.swift */ = {isa = PBXFileReference; lastKnownFileType = sourcecode.swift; path = ChatButtonCell.swift; sourceTree = "<group>"; };
/* End PBXFileReference section */

/* Begin PBXFrameworksBuildPhase section */
		391579BA24378A2700D0381A /* Frameworks */ = {
			isa = PBXFrameworksBuildPhase;
			buildActionMask = 2147483647;
			files = (
			);
			runOnlyForDeploymentPostprocessing = 0;
		};
		391579D024378A2900D0381A /* Frameworks */ = {
			isa = PBXFrameworksBuildPhase;
			buildActionMask = 2147483647;
			files = (
			);
			runOnlyForDeploymentPostprocessing = 0;
		};
		391579DB24378A2900D0381A /* Frameworks */ = {
			isa = PBXFrameworksBuildPhase;
			buildActionMask = 2147483647;
			files = (
			);
			runOnlyForDeploymentPostprocessing = 0;
		};
/* End PBXFrameworksBuildPhase section */

/* Begin PBXGroup section */
		391579B424378A2700D0381A = {
			isa = PBXGroup;
			children = (
				391579BF24378A2700D0381A /* ChatRobot */,
				391579D624378A2900D0381A /* ChatRobotTests */,
				391579E124378A2900D0381A /* ChatRobotUITests */,
				391579BE24378A2700D0381A /* Products */,
			);
			sourceTree = "<group>";
		};
		391579BE24378A2700D0381A /* Products */ = {
			isa = PBXGroup;
			children = (
				391579BD24378A2700D0381A /* ChatRobot.app */,
				391579D324378A2900D0381A /* ChatRobotTests.xctest */,
				391579DE24378A2900D0381A /* ChatRobotUITests.xctest */,
			);
			name = Products;
			sourceTree = "<group>";
		};
		391579BF24378A2700D0381A /* ChatRobot */ = {
			isa = PBXGroup;
			children = (
				391579C024378A2700D0381A /* AppDelegate.swift */,
				391579C224378A2700D0381A /* SceneDelegate.swift */,
				39A64A62243A5ADE00864786 /* ChatViews */,
				39A64A63243A5AF800864786 /* Data Service */,
				39A64A64243A5B0900864786 /* ChatViewModel */,
				39A64A65243A5B1D00864786 /* Processor */,
				39A64A66243A5B2D00864786 /* ChatModel */,
				391579F62437959400D0381A /* allornothing.json */,
				391579C924378A2800D0381A /* Assets.xcassets */,
				391579CB24378A2800D0381A /* LaunchScreen.storyboard */,
				391579CE24378A2800D0381A /* Info.plist */,
			);
			path = ChatRobot;
			sourceTree = "<group>";
		};
		391579D624378A2900D0381A /* ChatRobotTests */ = {
			isa = PBXGroup;
			children = (
				391579FC2438E4C400D0381A /* Mock */,
				391579D724378A2900D0381A /* ChatViewModelTests.swift */,
				391579D924378A2900D0381A /* Info.plist */,
				391579FA2438CE4100D0381A /* ChatInfoProcessorTest.swift */,
			);
			path = ChatRobotTests;
			sourceTree = "<group>";
		};
		391579E124378A2900D0381A /* ChatRobotUITests */ = {
			isa = PBXGroup;
			children = (
				391579E224378A2900D0381A /* ChatRobotUITests.swift */,
				391579E424378A2900D0381A /* Info.plist */,
			);
			path = ChatRobotUITests;
			sourceTree = "<group>";
		};
		391579FC2438E4C400D0381A /* Mock */ = {
			isa = PBXGroup;
			children = (
				391579FD2438E4DD00D0381A /* MockDataSourceService.swift */,
			);
			path = Mock;
			sourceTree = "<group>";
		};
		39A64A62243A5ADE00864786 /* ChatViews */ = {
			isa = PBXGroup;
			children = (
				391579C424378A2700D0381A /* ChatViewController.swift */,
				391579FF24392AD700D0381A /* RobotChatCell.swift */,
				39157A05243A2A9D00D0381A /* ChatButtonCell.swift */,
				39157A03243A09CB00D0381A /* UserChatCell.swift */,
			);
			path = ChatViews;
			sourceTree = "<group>";
		};
		39A64A63243A5AF800864786 /* Data Service */ = {
			isa = PBXGroup;
			children = (
				391579F0243794EE00D0381A /* DatasourceService.swift */,
			);
			path = "Data Service";
			sourceTree = "<group>";
		};
		39A64A64243A5B0900864786 /* ChatViewModel */ = {
			isa = PBXGroup;
			children = (
				391579F22437950400D0381A /* ChatViewModel.swift */,
			);
			path = ChatViewModel;
			sourceTree = "<group>";
		};
		39A64A65243A5B1D00864786 /* Processor */ = {
			isa = PBXGroup;
			children = (
				391579F82438AE8400D0381A /* ChatInfoProcessor.swift */,
			);
			path = Processor;
			sourceTree = "<group>";
		};
		39A64A66243A5B2D00864786 /* ChatModel */ = {
			isa = PBXGroup;
			children = (
				391579F42437956500D0381A /* ChatModel.swift */,
			);
			path = ChatModel;
			sourceTree = "<group>";
		};
/* End PBXGroup section */

/* Begin PBXNativeTarget section */
		391579BC24378A2700D0381A /* ChatRobot */ = {
			isa = PBXNativeTarget;
			buildConfigurationList = 391579E724378A2900D0381A /* Build configuration list for PBXNativeTarget "ChatRobot" */;
			buildPhases = (
				391579B924378A2700D0381A /* Sources */,
				391579BA24378A2700D0381A /* Frameworks */,
				391579BB24378A2700D0381A /* Resources */,
			);
			buildRules = (
			);
			dependencies = (
			);
			name = ChatRobot;
			productName = ChatRobot;
			productReference = 391579BD24378A2700D0381A /* ChatRobot.app */;
			productType = "com.apple.product-type.application";
		};
		391579D224378A2900D0381A /* ChatRobotTests */ = {
			isa = PBXNativeTarget;
			buildConfigurationList = 391579EA24378A2900D0381A /* Build configuration list for PBXNativeTarget "ChatRobotTests" */;
			buildPhases = (
				391579CF24378A2900D0381A /* Sources */,
				391579D024378A2900D0381A /* Frameworks */,
				391579D124378A2900D0381A /* Resources */,
			);
			buildRules = (
			);
			dependencies = (
				391579D524378A2900D0381A /* PBXTargetDependency */,
			);
			name = ChatRobotTests;
			productName = ChatRobotTests;
			productReference = 391579D324378A2900D0381A /* ChatRobotTests.xctest */;
			productType = "com.apple.product-type.bundle.unit-test";
		};
		391579DD24378A2900D0381A /* ChatRobotUITests */ = {
			isa = PBXNativeTarget;
			buildConfigurationList = 391579ED24378A2900D0381A /* Build configuration list for PBXNativeTarget "ChatRobotUITests" */;
			buildPhases = (
				391579DA24378A2900D0381A /* Sources */,
				391579DB24378A2900D0381A /* Frameworks */,
				391579DC24378A2900D0381A /* Resources */,
			);
			buildRules = (
			);
			dependencies = (
				391579E024378A2900D0381A /* PBXTargetDependency */,
			);
			name = ChatRobotUITests;
			productName = ChatRobotUITests;
			productReference = 391579DE24378A2900D0381A /* ChatRobotUITests.xctest */;
			productType = "com.apple.product-type.bundle.ui-testing";
		};
/* End PBXNativeTarget section */

/* Begin PBXProject section */
		391579B524378A2700D0381A /* Project object */ = {
			isa = PBXProject;
			attributes = {
				LastSwiftUpdateCheck = 1130;
				LastUpgradeCheck = 1130;
				ORGANIZATIONNAME = Lee;
				TargetAttributes = {
					391579BC24378A2700D0381A = {
						CreatedOnToolsVersion = 11.3;
					};
					391579D224378A2900D0381A = {
						CreatedOnToolsVersion = 11.3;
						TestTargetID = 391579BC24378A2700D0381A;
					};
					391579DD24378A2900D0381A = {
						CreatedOnToolsVersion = 11.3;
						TestTargetID = 391579BC24378A2700D0381A;
					};
				};
			};
			buildConfigurationList = 391579B824378A2700D0381A /* Build configuration list for PBXProject "ChatRobot" */;
			compatibilityVersion = "Xcode 9.3";
			developmentRegion = en;
			hasScannedForEncodings = 0;
			knownRegions = (
				en,
				Base,
			);
			mainGroup = 391579B424378A2700D0381A;
			productRefGroup = 391579BE24378A2700D0381A /* Products */;
			projectDirPath = "";
			projectRoot = "";
			targets = (
				391579BC24378A2700D0381A /* ChatRobot */,
				391579D224378A2900D0381A /* ChatRobotTests */,
				391579DD24378A2900D0381A /* ChatRobotUITests */,
			);
		};
/* End PBXProject section */

/* Begin PBXResourcesBuildPhase section */
		391579BB24378A2700D0381A /* Resources */ = {
			isa = PBXResourcesBuildPhase;
			buildActionMask = 2147483647;
			files = (
				391579CD24378A2800D0381A /* LaunchScreen.storyboard in Resources */,
				391579F72437959400D0381A /* allornothing.json in Resources */,
				391579CA24378A2800D0381A /* Assets.xcassets in Resources */,
			);
			runOnlyForDeploymentPostprocessing = 0;
		};
		391579D124378A2900D0381A /* Resources */ = {
			isa = PBXResourcesBuildPhase;
			buildActionMask = 2147483647;
			files = (
			);
			runOnlyForDeploymentPostprocessing = 0;
		};
		391579DC24378A2900D0381A /* Resources */ = {
			isa = PBXResourcesBuildPhase;
			buildActionMask = 2147483647;
			files = (
			);
			runOnlyForDeploymentPostprocessing = 0;
		};
/* End PBXResourcesBuildPhase section */

/* Begin PBXSourcesBuildPhase section */
		391579B924378A2700D0381A /* Sources */ = {
			isa = PBXSourcesBuildPhase;
			buildActionMask = 2147483647;
			files = (
				391579F32437950400D0381A /* ChatViewModel.swift in Sources */,
				39157A06243A2A9D00D0381A /* ChatButtonCell.swift in Sources */,
				39157A0024392AD700D0381A /* RobotChatCell.swift in Sources */,
				39157A04243A09CB00D0381A /* UserChatCell.swift in Sources */,
				391579C524378A2700D0381A /* ChatViewController.swift in Sources */,
				391579F92438AE8500D0381A /* ChatInfoProcessor.swift in Sources */,
				391579C124378A2700D0381A /* AppDelegate.swift in Sources */,
				391579F1243794EE00D0381A /* DatasourceService.swift in Sources */,
				391579C324378A2700D0381A /* SceneDelegate.swift in Sources */,
				391579F52437956500D0381A /* ChatModel.swift in Sources */,
			);
			runOnlyForDeploymentPostprocessing = 0;
		};
		391579CF24378A2900D0381A /* Sources */ = {
			isa = PBXSourcesBuildPhase;
			buildActionMask = 2147483647;
			files = (
				391579FE2438E4DD00D0381A /* MockDataSourceService.swift in Sources */,
				391579FB2438CE4100D0381A /* ChatInfoProcessorTest.swift in Sources */,
				391579D824378A2900D0381A /* ChatViewModelTests.swift in Sources */,
			);
			runOnlyForDeploymentPostprocessing = 0;
		};
		391579DA24378A2900D0381A /* Sources */ = {
			isa = PBXSourcesBuildPhase;
			buildActionMask = 2147483647;
			files = (
				391579E324378A2900D0381A /* ChatRobotUITests.swift in Sources */,
			);
			runOnlyForDeploymentPostprocessing = 0;
		};
/* End PBXSourcesBuildPhase section */

/* Begin PBXTargetDependency section */
		391579D524378A2900D0381A /* PBXTargetDependency */ = {
			isa = PBXTargetDependency;
			target = 391579BC24378A2700D0381A /* ChatRobot */;
			targetProxy = 391579D424378A2900D0381A /* PBXContainerItemProxy */;
		};
		391579E024378A2900D0381A /* PBXTargetDependency */ = {
			isa = PBXTargetDependency;
			target = 391579BC24378A2700D0381A /* ChatRobot */;
			targetProxy = 391579DF24378A2900D0381A /* PBXContainerItemProxy */;
		};
/* End PBXTargetDependency section */

/* Begin PBXVariantGroup section */
		391579CB24378A2800D0381A /* LaunchScreen.storyboard */ = {
			isa = PBXVariantGroup;
			children = (
				391579CC24378A2800D0381A /* Base */,
			);
			name = LaunchScreen.storyboard;
			sourceTree = "<group>";
		};
/* End PBXVariantGroup section */

/* Begin XCBuildConfiguration section */
		391579E524378A2900D0381A /* Debug */ = {
			isa = XCBuildConfiguration;
			buildSettings = {
				ALWAYS_SEARCH_USER_PATHS = NO;
				CLANG_ANALYZER_NONNULL = YES;
				CLANG_ANALYZER_NUMBER_OBJECT_CONVERSION = YES_AGGRESSIVE;
				CLANG_CXX_LANGUAGE_STANDARD = "gnu++14";
				CLANG_CXX_LIBRARY = "libc++";
				CLANG_ENABLE_MODULES = YES;
				CLANG_ENABLE_OBJC_ARC = YES;
				CLANG_ENABLE_OBJC_WEAK = YES;
				CLANG_WARN_BLOCK_CAPTURE_AUTORELEASING = YES;
				CLANG_WARN_BOOL_CONVERSION = YES;
				CLANG_WARN_COMMA = YES;
				CLANG_WARN_CONSTANT_CONVERSION = YES;
				CLANG_WARN_DEPRECATED_OBJC_IMPLEMENTATIONS = YES;
				CLANG_WARN_DIRECT_OBJC_ISA_USAGE = YES_ERROR;
				CLANG_WARN_DOCUMENTATION_COMMENTS = YES;
				CLANG_WARN_EMPTY_BODY = YES;
				CLANG_WARN_ENUM_CONVERSION = YES;
				CLANG_WARN_INFINITE_RECURSION = YES;
				CLANG_WARN_INT_CONVERSION = YES;
				CLANG_WARN_NON_LITERAL_NULL_CONVERSION = YES;
				CLANG_WARN_OBJC_IMPLICIT_RETAIN_SELF = YES;
				CLANG_WARN_OBJC_LITERAL_CONVERSION = YES;
				CLANG_WARN_OBJC_ROOT_CLASS = YES_ERROR;
				CLANG_WARN_RANGE_LOOP_ANALYSIS = YES;
				CLANG_WARN_STRICT_PROTOTYPES = YES;
				CLANG_WARN_SUSPICIOUS_MOVE = YES;
				CLANG_WARN_UNGUARDED_AVAILABILITY = YES_AGGRESSIVE;
				CLANG_WARN_UNREACHABLE_CODE = YES;
				CLANG_WARN__DUPLICATE_METHOD_MATCH = YES;
				COPY_PHASE_STRIP = NO;
				DEBUG_INFORMATION_FORMAT = dwarf;
				ENABLE_STRICT_OBJC_MSGSEND = YES;
				ENABLE_TESTABILITY = YES;
				GCC_C_LANGUAGE_STANDARD = gnu11;
				GCC_DYNAMIC_NO_PIC = NO;
				GCC_NO_COMMON_BLOCKS = YES;
				GCC_OPTIMIZATION_LEVEL = 0;
				GCC_PREPROCESSOR_DEFINITIONS = (
					"DEBUG=1",
					"$(inherited)",
				);
				GCC_WARN_64_TO_32_BIT_CONVERSION = YES;
				GCC_WARN_ABOUT_RETURN_TYPE = YES_ERROR;
				GCC_WARN_UNDECLARED_SELECTOR = YES;
				GCC_WARN_UNINITIALIZED_AUTOS = YES_AGGRESSIVE;
				GCC_WARN_UNUSED_FUNCTION = YES;
				GCC_WARN_UNUSED_VARIABLE = YES;
				IPHONEOS_DEPLOYMENT_TARGET = 13.2;
				MTL_ENABLE_DEBUG_INFO = INCLUDE_SOURCE;
				MTL_FAST_MATH = YES;
				ONLY_ACTIVE_ARCH = YES;
				SDKROOT = iphoneos;
				SWIFT_ACTIVE_COMPILATION_CONDITIONS = DEBUG;
				SWIFT_OPTIMIZATION_LEVEL = "-Onone";
			};
			name = Debug;
		};
		391579E624378A2900D0381A /* Release */ = {
			isa = XCBuildConfiguration;
			buildSettings = {
				ALWAYS_SEARCH_USER_PATHS = NO;
				CLANG_ANALYZER_NONNULL = YES;
				CLANG_ANALYZER_NUMBER_OBJECT_CONVERSION = YES_AGGRESSIVE;
				CLANG_CXX_LANGUAGE_STANDARD = "gnu++14";
				CLANG_CXX_LIBRARY = "libc++";
				CLANG_ENABLE_MODULES = YES;
				CLANG_ENABLE_OBJC_ARC = YES;
				CLANG_ENABLE_OBJC_WEAK = YES;
				CLANG_WARN_BLOCK_CAPTURE_AUTORELEASING = YES;
				CLANG_WARN_BOOL_CONVERSION = YES;
				CLANG_WARN_COMMA = YES;
				CLANG_WARN_CONSTANT_CONVERSION = YES;
				CLANG_WARN_DEPRECATED_OBJC_IMPLEMENTATIONS = YES;
				CLANG_WARN_DIRECT_OBJC_ISA_USAGE = YES_ERROR;
				CLANG_WARN_DOCUMENTATION_COMMENTS = YES;
				CLANG_WARN_EMPTY_BODY = YES;
				CLANG_WARN_ENUM_CONVERSION = YES;
				CLANG_WARN_INFINITE_RECURSION = YES;
				CLANG_WARN_INT_CONVERSION = YES;
				CLANG_WARN_NON_LITERAL_NULL_CONVERSION = YES;
				CLANG_WARN_OBJC_IMPLICIT_RETAIN_SELF = YES;
				CLANG_WARN_OBJC_LITERAL_CONVERSION = YES;
				CLANG_WARN_OBJC_ROOT_CLASS = YES_ERROR;
				CLANG_WARN_RANGE_LOOP_ANALYSIS = YES;
				CLANG_WARN_STRICT_PROTOTYPES = YES;
				CLANG_WARN_SUSPICIOUS_MOVE = YES;
				CLANG_WARN_UNGUARDED_AVAILABILITY = YES_AGGRESSIVE;
				CLANG_WARN_UNREACHABLE_CODE = YES;
				CLANG_WARN__DUPLICATE_METHOD_MATCH = YES;
				COPY_PHASE_STRIP = NO;
				DEBUG_INFORMATION_FORMAT = "dwarf-with-dsym";
				ENABLE_NS_ASSERTIONS = NO;
				ENABLE_STRICT_OBJC_MSGSEND = YES;
				GCC_C_LANGUAGE_STANDARD = gnu11;
				GCC_NO_COMMON_BLOCKS = YES;
				GCC_WARN_64_TO_32_BIT_CONVERSION = YES;
				GCC_WARN_ABOUT_RETURN_TYPE = YES_ERROR;
				GCC_WARN_UNDECLARED_SELECTOR = YES;
				GCC_WARN_UNINITIALIZED_AUTOS = YES_AGGRESSIVE;
				GCC_WARN_UNUSED_FUNCTION = YES;
				GCC_WARN_UNUSED_VARIABLE = YES;
				IPHONEOS_DEPLOYMENT_TARGET = 13.2;
				MTL_ENABLE_DEBUG_INFO = NO;
				MTL_FAST_MATH = YES;
				SDKROOT = iphoneos;
				SWIFT_COMPILATION_MODE = wholemodule;
				SWIFT_OPTIMIZATION_LEVEL = "-O";
				VALIDATE_PRODUCT = YES;
			};
			name = Release;
		};
		391579E824378A2900D0381A /* Debug */ = {
			isa = XCBuildConfiguration;
			buildSettings = {
				ASSETCATALOG_COMPILER_APPICON_NAME = AppIcon;
				CODE_SIGN_STYLE = Automatic;
				DEVELOPMENT_TEAM = 2QPYZY5Q25;
				INFOPLIST_FILE = ChatRobot/Info.plist;
				LD_RUNPATH_SEARCH_PATHS = (
					"$(inherited)",
					"@executable_path/Frameworks",
				);
				PRODUCT_BUNDLE_IDENTIFIER = com.lee.ChatRobot;
				PRODUCT_NAME = "$(TARGET_NAME)";
				SWIFT_VERSION = 5.0;
				TARGETED_DEVICE_FAMILY = "1,2";
			};
			name = Debug;
		};
		391579E924378A2900D0381A /* Release */ = {
			isa = XCBuildConfiguration;
			buildSettings = {
				ASSETCATALOG_COMPILER_APPICON_NAME = AppIcon;
				CODE_SIGN_STYLE = Automatic;
				DEVELOPMENT_TEAM = 2QPYZY5Q25;
				INFOPLIST_FILE = ChatRobot/Info.plist;
				LD_RUNPATH_SEARCH_PATHS = (
					"$(inherited)",
					"@executable_path/Frameworks",
				);
				PRODUCT_BUNDLE_IDENTIFIER = com.lee.ChatRobot;
				PRODUCT_NAME = "$(TARGET_NAME)";
				SWIFT_VERSION = 5.0;
				TARGETED_DEVICE_FAMILY = "1,2";
			};
			name = Release;
		};
		391579EB24378A2900D0381A /* Debug */ = {
			isa = XCBuildConfiguration;
			buildSettings = {
				ALWAYS_EMBED_SWIFT_STANDARD_LIBRARIES = YES;
				BUNDLE_LOADER = "$(TEST_HOST)";
				CODE_SIGN_STYLE = Automatic;
				DEVELOPMENT_TEAM = 2QPYZY5Q25;
				INFOPLIST_FILE = ChatRobotTests/Info.plist;
				IPHONEOS_DEPLOYMENT_TARGET = 13.2;
				LD_RUNPATH_SEARCH_PATHS = (
					"$(inherited)",
					"@executable_path/Frameworks",
					"@loader_path/Frameworks",
				);
				PRODUCT_BUNDLE_IDENTIFIER = com.lee.ChatRobotTests;
				PRODUCT_NAME = "$(TARGET_NAME)";
				SWIFT_VERSION = 5.0;
				TARGETED_DEVICE_FAMILY = "1,2";
				TEST_HOST = "$(BUILT_PRODUCTS_DIR)/ChatRobot.app/ChatRobot";
			};
			name = Debug;
		};
		391579EC24378A2900D0381A /* Release */ = {
			isa = XCBuildConfiguration;
			buildSettings = {
				ALWAYS_EMBED_SWIFT_STANDARD_LIBRARIES = YES;
				BUNDLE_LOADER = "$(TEST_HOST)";
				CODE_SIGN_STYLE = Automatic;
				DEVELOPMENT_TEAM = 2QPYZY5Q25;
				INFOPLIST_FILE = ChatRobotTests/Info.plist;
				IPHONEOS_DEPLOYMENT_TARGET = 13.2;
				LD_RUNPATH_SEARCH_PATHS = (
					"$(inherited)",
					"@executable_path/Frameworks",
					"@loader_path/Frameworks",
				);
				PRODUCT_BUNDLE_IDENTIFIER = com.lee.ChatRobotTests;
				PRODUCT_NAME = "$(TARGET_NAME)";
				SWIFT_VERSION = 5.0;
				TARGETED_DEVICE_FAMILY = "1,2";
				TEST_HOST = "$(BUILT_PRODUCTS_DIR)/ChatRobot.app/ChatRobot";
			};
			name = Release;
		};
		391579EE24378A2900D0381A /* Debug */ = {
			isa = XCBuildConfiguration;
			buildSettings = {
				ALWAYS_EMBED_SWIFT_STANDARD_LIBRARIES = YES;
				CODE_SIGN_STYLE = Automatic;
				DEVELOPMENT_TEAM = 2QPYZY5Q25;
				INFOPLIST_FILE = ChatRobotUITests/Info.plist;
				LD_RUNPATH_SEARCH_PATHS = (
					"$(inherited)",
					"@executable_path/Frameworks",
					"@loader_path/Frameworks",
				);
				PRODUCT_BUNDLE_IDENTIFIER = com.lee.ChatRobotUITests;
				PRODUCT_NAME = "$(TARGET_NAME)";
				SWIFT_VERSION = 5.0;
				TARGETED_DEVICE_FAMILY = "1,2";
				TEST_TARGET_NAME = ChatRobot;
			};
			name = Debug;
		};
		391579EF24378A2900D0381A /* Release */ = {
			isa = XCBuildConfiguration;
			buildSettings = {
				ALWAYS_EMBED_SWIFT_STANDARD_LIBRARIES = YES;
				CODE_SIGN_STYLE = Automatic;
				DEVELOPMENT_TEAM = 2QPYZY5Q25;
				INFOPLIST_FILE = ChatRobotUITests/Info.plist;
				LD_RUNPATH_SEARCH_PATHS = (
					"$(inherited)",
					"@executable_path/Frameworks",
					"@loader_path/Frameworks",
				);
				PRODUCT_BUNDLE_IDENTIFIER = com.lee.ChatRobotUITests;
				PRODUCT_NAME = "$(TARGET_NAME)";
				SWIFT_VERSION = 5.0;
				TARGETED_DEVICE_FAMILY = "1,2";
				TEST_TARGET_NAME = ChatRobot;
			};
			name = Release;
		};
/* End XCBuildConfiguration section */

/* Begin XCConfigurationList section */
		391579B824378A2700D0381A /* Build configuration list for PBXProject "ChatRobot" */ = {
			isa = XCConfigurationList;
			buildConfigurations = (
				391579E524378A2900D0381A /* Debug */,
				391579E624378A2900D0381A /* Release */,
			);
			defaultConfigurationIsVisible = 0;
			defaultConfigurationName = Release;
		};
		391579E724378A2900D0381A /* Build configuration list for PBXNativeTarget "ChatRobot" */ = {
			isa = XCConfigurationList;
			buildConfigurations = (
				391579E824378A2900D0381A /* Debug */,
				391579E924378A2900D0381A /* Release */,
			);
			defaultConfigurationIsVisible = 0;
			defaultConfigurationName = Release;
		};
		391579EA24378A2900D0381A /* Build configuration list for PBXNativeTarget "ChatRobotTests" */ = {
			isa = XCConfigurationList;
			buildConfigurations = (
				391579EB24378A2900D0381A /* Debug */,
				391579EC24378A2900D0381A /* Release */,
			);
			defaultConfigurationIsVisible = 0;
			defaultConfigurationName = Release;
		};
		391579ED24378A2900D0381A /* Build configuration list for PBXNativeTarget "ChatRobotUITests" */ = {
			isa = XCConfigurationList;
			buildConfigurations = (
				391579EE24378A2900D0381A /* Debug */,
				391579EF24378A2900D0381A /* Release */,
			);
			defaultConfigurationIsVisible = 0;
			defaultConfigurationName = Release;
		};
/* End XCConfigurationList section */
	};
	rootObject = 391579B524378A2700D0381A /* Project object */;
}
